
Microsoft Visual Studio Solution File, Format Version 12.00
# Visual Studio Version 17
VisualStudioVersion = 17.10.35004.147
MinimumVisualStudioVersion = 10.0.40219.1
Project("{9A19103F-16F7-4668-BE54-9A1E7A4F7556}") = "ModsenAPI", "ModsenAPI.csproj", "{282FE6C0-C886-4897-B098-19D0A408BE96}"
EndProject
Global
	GlobalSection(SolutionConfigurationPlatforms) = preSolution
		Debug|Any CPU = Debug|Any CPU
		Release|Any CPU = Release|Any CPU
	EndGlobalSection
	GlobalSection(ProjectConfigurationPlatforms) = postSolution
		{282FE6C0-C886-4897-B098-19D0A408BE96}.Debug|Any CPU.ActiveCfg = Debug|Any CPU
		{282FE6C0-C886-4897-B098-19D0A408BE96}.Debug|Any CPU.Build.0 = Debug|Any CPU
		{282FE6C0-C886-4897-B098-19D0A408BE96}.Release|Any CPU.ActiveCfg = Release|Any CPU
		{282FE6C0-C886-4897-B098-19D0A408BE96}.Release|Any CPU.Build.0 = Release|Any CPU
	EndGlobalSection
	GlobalSection(SolutionProperties) = preSolution
		HideSolutionNode = FALSE
	EndGlobalSection
	GlobalSection(ExtensibilityGlobals) = postSolution
		SolutionGuid = {938D3708-CB63-4FA0-AAA9-5BDABE461BED}
	EndGlobalSection
EndGlobal
