
Microsoft Visual Studio Solution File, Format Version 12.00
# Visual Studio Version 17
VisualStudioVersion = 17.10.35004.147
MinimumVisualStudioVersion = 10.0.40219.1
Project("{9A19103F-16F7-4668-BE54-9A1E7A4F7556}") = "ModsenAPI", "ModsenAPI.csproj", "{282FE6C0-C886-4897-B098-19D0A408BE96}"
EndProject
Project("{FAE04EC0-301F-11D3-BF4B-00C04F79EFBC}") = "Application", "Application\Application.csproj", "{89A14D8A-151A-41AF-92B8-AFC959A80292}"
EndProject
Project("{FAE04EC0-301F-11D3-BF4B-00C04F79EFBC}") = "Domain", "Domain\Domain.csproj", "{2B047F36-3A7B-4142-9A09-D3C31ED907AA}"
EndProject
Project("{FAE04EC0-301F-11D3-BF4B-00C04F79EFBC}") = "Infrastructure", "Infrastructure\Infrastructure.csproj", "{04578101-DFF6-44BF-9168-3A5E39B26585}"
EndProject
Project("{FAE04EC0-301F-11D3-BF4B-00C04F79EFBC}") = "Contracts", "Contracts\Contracts.csproj", "{8B08DBE0-21F5-4FAC-9F9B-C8D0D9018756}"
EndProject
Global
	GlobalSection(SolutionConfigurationPlatforms) = preSolution
		Debug|Any CPU = Debug|Any CPU
		Release|Any CPU = Release|Any CPU
	EndGlobalSection
	GlobalSection(ProjectConfigurationPlatforms) = postSolution
		{282FE6C0-C886-4897-B098-19D0A408BE96}.Debug|Any CPU.ActiveCfg = Debug|Any CPU
		{282FE6C0-C886-4897-B098-19D0A408BE96}.Debug|Any CPU.Build.0 = Debug|Any CPU
		{282FE6C0-C886-4897-B098-19D0A408BE96}.Release|Any CPU.ActiveCfg = Release|Any CPU
		{282FE6C0-C886-4897-B098-19D0A408BE96}.Release|Any CPU.Build.0 = Release|Any CPU
		{89A14D8A-151A-41AF-92B8-AFC959A80292}.Debug|Any CPU.ActiveCfg = Debug|Any CPU
		{89A14D8A-151A-41AF-92B8-AFC959A80292}.Debug|Any CPU.Build.0 = Debug|Any CPU
		{89A14D8A-151A-41AF-92B8-AFC959A80292}.Release|Any CPU.ActiveCfg = Release|Any CPU
		{89A14D8A-151A-41AF-92B8-AFC959A80292}.Release|Any CPU.Build.0 = Release|Any CPU
		{2B047F36-3A7B-4142-9A09-D3C31ED907AA}.Debug|Any CPU.ActiveCfg = Debug|Any CPU
		{2B047F36-3A7B-4142-9A09-D3C31ED907AA}.Debug|Any CPU.Build.0 = Debug|Any CPU
		{2B047F36-3A7B-4142-9A09-D3C31ED907AA}.Release|Any CPU.ActiveCfg = Release|Any CPU
		{2B047F36-3A7B-4142-9A09-D3C31ED907AA}.Release|Any CPU.Build.0 = Release|Any CPU
		{04578101-DFF6-44BF-9168-3A5E39B26585}.Debug|Any CPU.ActiveCfg = Debug|Any CPU
		{04578101-DFF6-44BF-9168-3A5E39B26585}.Debug|Any CPU.Build.0 = Debug|Any CPU
		{04578101-DFF6-44BF-9168-3A5E39B26585}.Release|Any CPU.ActiveCfg = Release|Any CPU
		{04578101-DFF6-44BF-9168-3A5E39B26585}.Release|Any CPU.Build.0 = Release|Any CPU
		{8B08DBE0-21F5-4FAC-9F9B-C8D0D9018756}.Debug|Any CPU.ActiveCfg = Debug|Any CPU
		{8B08DBE0-21F5-4FAC-9F9B-C8D0D9018756}.Debug|Any CPU.Build.0 = Debug|Any CPU
		{8B08DBE0-21F5-4FAC-9F9B-C8D0D9018756}.Release|Any CPU.ActiveCfg = Release|Any CPU
		{8B08DBE0-21F5-4FAC-9F9B-C8D0D9018756}.Release|Any CPU.Build.0 = Release|Any CPU
	EndGlobalSection
	GlobalSection(SolutionProperties) = preSolution
		HideSolutionNode = FALSE
	EndGlobalSection
	GlobalSection(ExtensibilityGlobals) = postSolution
		SolutionGuid = {938D3708-CB63-4FA0-AAA9-5BDABE461BED}
	EndGlobalSection
EndGlobal
